
Microsoft Visual Studio Solution File, Format Version 12.00
# Visual Studio Version 17
VisualStudioVersion = 17.8.34330.188
MinimumVisualStudioVersion = 10.0.40219.1
Project("{FAE04EC0-301F-11D3-BF4B-00C04F79EFBC}") = "ModernDesign", "ModernDesign\ModernDesign.csproj", "{8B2A303E-F634-45C7-AA57-9D91986F77A0}"
EndProject
Global
	GlobalSection(SolutionConfigurationPlatforms) = preSolution
		Debug|Any CPU = Debug|Any CPU
		Release|Any CPU = Release|Any CPU
	EndGlobalSection
	GlobalSection(ProjectConfigurationPlatforms) = postSolution
		{8B2A303E-F634-45C7-AA57-9D91986F77A0}.Debug|Any CPU.ActiveCfg = Debug|Any CPU
		{8B2A303E-F634-45C7-AA57-9D91986F77A0}.Debug|Any CPU.Build.0 = Debug|Any CPU
		{8B2A303E-F634-45C7-AA57-9D91986F77A0}.Release|Any CPU.ActiveCfg = Release|Any CPU
		{8B2A303E-F634-45C7-AA57-9D91986F77A0}.Release|Any CPU.Build.0 = Release|Any CPU
	EndGlobalSection
	GlobalSection(SolutionProperties) = preSolution
		HideSolutionNode = FALSE
	EndGlobalSection
	GlobalSection(ExtensibilityGlobals) = postSolution
		SolutionGuid = {E88FE577-4455-4E48-BFF9-46761E8EECD3}
	EndGlobalSection
EndGlobal
